# Generated by pub
# See http://pub.dartlang.org/doc/glossary.html#lockfile
packages:
  crypto:
    description: crypto
    source: hosted
    version: "0.5.20"
  dart_config:
    description: dart_config
    source: hosted
    version: "0.5.0"
  log4dart:
    description: log4dart
    source: hosted
    version: "1.4.8"
  meta:
    description: meta
    source: hosted
    version: "0.5.20"
  postgresql:
    description: postgresql
    source: hosted
    version: "0.2.8"
  sprintf:
    description: sprintf
    source: hosted
    version: "1.0.7"
  unittest:
    description: unittest
    source: hosted
    version: "0.5.20"
  yaml:
    description: yaml
    source: hosted
    version: "0.5.20"
